
Microsoft Visual Studio Solution File, Format Version 12.00
# Visual Studio Version 17
VisualStudioVersion = 17.14.36623.8
MinimumVisualStudioVersion = 10.0.40219.1
Project("{FAE04EC0-301F-11D3-BF4B-00C04F79EFBC}") = "SalyanthanSchool.Web", "SalyanthanSchool.Web\SalyanthanSchool.Web.csproj", "{502564D9-4D1C-47D1-9296-E9868D15DEE2}"
EndProject
Project("{FAE04EC0-301F-11D3-BF4B-00C04F79EFBC}") = "SalyanthanSchool.Core", "SalyanthanSchool.Core\SalyanthanSchool.Core.csproj", "{69F112BE-DCAE-45AA-BAA6-9BF43426A8F2}"
EndProject
Project("{FAE04EC0-301F-11D3-BF4B-00C04F79EFBC}") = "SalyanthanSchool.WebAPI", "SalyanthanSchool.WebAPI\SalyanthanSchool.WebAPI.csproj", "{33CC3726-09E0-407E-A3C6-5E1107434219}"
EndProject
Global
	GlobalSection(SolutionConfigurationPlatforms) = preSolution
		Debug|Any CPU = Debug|Any CPU
		Release|Any CPU = Release|Any CPU
	EndGlobalSection
	GlobalSection(ProjectConfigurationPlatforms) = postSolution
		{502564D9-4D1C-47D1-9296-E9868D15DEE2}.Debug|Any CPU.ActiveCfg = Debug|Any CPU
		{502564D9-4D1C-47D1-9296-E9868D15DEE2}.Debug|Any CPU.Build.0 = Debug|Any CPU
		{502564D9-4D1C-47D1-9296-E9868D15DEE2}.Release|Any CPU.ActiveCfg = Release|Any CPU
		{502564D9-4D1C-47D1-9296-E9868D15DEE2}.Release|Any CPU.Build.0 = Release|Any CPU
		{69F112BE-DCAE-45AA-BAA6-9BF43426A8F2}.Debug|Any CPU.ActiveCfg = Debug|Any CPU
		{69F112BE-DCAE-45AA-BAA6-9BF43426A8F2}.Debug|Any CPU.Build.0 = Debug|Any CPU
		{69F112BE-DCAE-45AA-BAA6-9BF43426A8F2}.Release|Any CPU.ActiveCfg = Release|Any CPU
		{69F112BE-DCAE-45AA-BAA6-9BF43426A8F2}.Release|Any CPU.Build.0 = Release|Any CPU
		{33CC3726-09E0-407E-A3C6-5E1107434219}.Debug|Any CPU.ActiveCfg = Debug|Any CPU
		{33CC3726-09E0-407E-A3C6-5E1107434219}.Debug|Any CPU.Build.0 = Debug|Any CPU
		{33CC3726-09E0-407E-A3C6-5E1107434219}.Release|Any CPU.ActiveCfg = Release|Any CPU
		{33CC3726-09E0-407E-A3C6-5E1107434219}.Release|Any CPU.Build.0 = Release|Any CPU
	EndGlobalSection
	GlobalSection(SolutionProperties) = preSolution
		HideSolutionNode = FALSE
	EndGlobalSection
	GlobalSection(ExtensibilityGlobals) = postSolution
		SolutionGuid = {72D877AE-130C-400F-ABE2-74CD25BBC525}
	EndGlobalSection
EndGlobal
