
Microsoft Visual Studio Solution File, Format Version 12.00
# Visual Studio Version 17
VisualStudioVersion = 17.0.31903.59
MinimumVisualStudioVersion = 10.0.40219.1
Project("{FAE04EC0-301F-11D3-BF4B-00C04F79EFBC}") = "SalyanthanSchool.Core", "SalyanthanSchool.Core\SalyanthanSchool.Core.csproj", "{868206C3-C619-484D-9F10-B965E25F0B3A}"
EndProject
Project("{FAE04EC0-301F-11D3-BF4B-00C04F79EFBC}") = "SalyanthanSchool.WebAPI", "SalyanthanSchool.WebAPI\SalyanthanSchool.WebAPI.csproj", "{E63E8B13-EA6F-4309-9EFB-B42A8D6D7000}"
EndProject
Global
	GlobalSection(SolutionConfigurationPlatforms) = preSolution
		Debug|Any CPU = Debug|Any CPU
		Debug|x64 = Debug|x64
		Debug|x86 = Debug|x86
		Release|Any CPU = Release|Any CPU
		Release|x64 = Release|x64
		Release|x86 = Release|x86
	EndGlobalSection
	GlobalSection(ProjectConfigurationPlatforms) = postSolution
		{868206C3-C619-484D-9F10-B965E25F0B3A}.Debug|Any CPU.ActiveCfg = Debug|Any CPU
		{868206C3-C619-484D-9F10-B965E25F0B3A}.Debug|Any CPU.Build.0 = Debug|Any CPU
		{868206C3-C619-484D-9F10-B965E25F0B3A}.Debug|x64.ActiveCfg = Debug|Any CPU
		{868206C3-C619-484D-9F10-B965E25F0B3A}.Debug|x64.Build.0 = Debug|Any CPU
		{868206C3-C619-484D-9F10-B965E25F0B3A}.Debug|x86.ActiveCfg = Debug|Any CPU
		{868206C3-C619-484D-9F10-B965E25F0B3A}.Debug|x86.Build.0 = Debug|Any CPU
		{868206C3-C619-484D-9F10-B965E25F0B3A}.Release|Any CPU.ActiveCfg = Release|Any CPU
		{868206C3-C619-484D-9F10-B965E25F0B3A}.Release|Any CPU.Build.0 = Release|Any CPU
		{868206C3-C619-484D-9F10-B965E25F0B3A}.Release|x64.ActiveCfg = Release|Any CPU
		{868206C3-C619-484D-9F10-B965E25F0B3A}.Release|x64.Build.0 = Release|Any CPU
		{868206C3-C619-484D-9F10-B965E25F0B3A}.Release|x86.ActiveCfg = Release|Any CPU
		{868206C3-C619-484D-9F10-B965E25F0B3A}.Release|x86.Build.0 = Release|Any CPU
		{E63E8B13-EA6F-4309-9EFB-B42A8D6D7000}.Debug|Any CPU.ActiveCfg = Debug|Any CPU
		{E63E8B13-EA6F-4309-9EFB-B42A8D6D7000}.Debug|Any CPU.Build.0 = Debug|Any CPU
		{E63E8B13-EA6F-4309-9EFB-B42A8D6D7000}.Debug|x64.ActiveCfg = Debug|Any CPU
		{E63E8B13-EA6F-4309-9EFB-B42A8D6D7000}.Debug|x64.Build.0 = Debug|Any CPU
		{E63E8B13-EA6F-4309-9EFB-B42A8D6D7000}.Debug|x86.ActiveCfg = Debug|Any CPU
		{E63E8B13-EA6F-4309-9EFB-B42A8D6D7000}.Debug|x86.Build.0 = Debug|Any CPU
		{E63E8B13-EA6F-4309-9EFB-B42A8D6D7000}.Release|Any CPU.ActiveCfg = Release|Any CPU
		{E63E8B13-EA6F-4309-9EFB-B42A8D6D7000}.Release|Any CPU.Build.0 = Release|Any CPU
		{E63E8B13-EA6F-4309-9EFB-B42A8D6D7000}.Release|x64.ActiveCfg = Release|Any CPU
		{E63E8B13-EA6F-4309-9EFB-B42A8D6D7000}.Release|x64.Build.0 = Release|Any CPU
		{E63E8B13-EA6F-4309-9EFB-B42A8D6D7000}.Release|x86.ActiveCfg = Release|Any CPU
		{E63E8B13-EA6F-4309-9EFB-B42A8D6D7000}.Release|x86.Build.0 = Release|Any CPU
	EndGlobalSection
	GlobalSection(SolutionProperties) = preSolution
		HideSolutionNode = FALSE
	EndGlobalSection
EndGlobal
