Microsoft Visual Studio Solution File, Format Version 12.00
# Visual Studio Version 17
VisualStudioVersion = 17.5.2.0
MinimumVisualStudioVersion = 10.0.40219.1
Project("{FAE04EC0-301F-11D3-BF4B-00C04F79EFBC}") = "SalyanthanSchool.WebAPI", "SalyanthanSchool.WebAPI.csproj", "{8E451057-E962-EC5E-35E5-083AE66D7A71}"
EndProject
Global
	GlobalSection(SolutionConfigurationPlatforms) = preSolution
		Debug|Any CPU = Debug|Any CPU
		Release|Any CPU = Release|Any CPU
	EndGlobalSection
	GlobalSection(ProjectConfigurationPlatforms) = postSolution
		{8E451057-E962-EC5E-35E5-083AE66D7A71}.Debug|Any CPU.ActiveCfg = Debug|Any CPU
		{8E451057-E962-EC5E-35E5-083AE66D7A71}.Debug|Any CPU.Build.0 = Debug|Any CPU
		{8E451057-E962-EC5E-35E5-083AE66D7A71}.Release|Any CPU.ActiveCfg = Release|Any CPU
		{8E451057-E962-EC5E-35E5-083AE66D7A71}.Release|Any CPU.Build.0 = Release|Any CPU
	EndGlobalSection
	GlobalSection(SolutionProperties) = preSolution
		HideSolutionNode = FALSE
	EndGlobalSection
	GlobalSection(ExtensibilityGlobals) = postSolution
		SolutionGuid = {AE272FC1-7655-4121-8A83-A4542CEDA267}
	EndGlobalSection
EndGlobal
